
Microsoft Visual Studio Solution File, Format Version 12.00
# Visual Studio 15
VisualStudioVersion = 15.0.28307.421
MinimumVisualStudioVersion = 10.0.40219.1
Project("{FAE04EC0-301F-11D3-BF4B-00C04F79EFBC}") = "WebShopCafe", "WebShopCafe\WebShopCafe.csproj", "{B9E85AFA-4ECD-4955-A7A4-84D152874AF3}"
EndProject
Global
	GlobalSection(SolutionConfigurationPlatforms) = preSolution
		Debug|Any CPU = Debug|Any CPU
		Release|Any CPU = Release|Any CPU
	EndGlobalSection
	GlobalSection(ProjectConfigurationPlatforms) = postSolution
		{B9E85AFA-4ECD-4955-A7A4-84D152874AF3}.Debug|Any CPU.ActiveCfg = Debug|Any CPU
		{B9E85AFA-4ECD-4955-A7A4-84D152874AF3}.Debug|Any CPU.Build.0 = Debug|Any CPU
		{B9E85AFA-4ECD-4955-A7A4-84D152874AF3}.Release|Any CPU.ActiveCfg = Release|Any CPU
		{B9E85AFA-4ECD-4955-A7A4-84D152874AF3}.Release|Any CPU.Build.0 = Release|Any CPU
	EndGlobalSection
	GlobalSection(SolutionProperties) = preSolution
		HideSolutionNode = FALSE
	EndGlobalSection
	GlobalSection(ExtensibilityGlobals) = postSolution
		SolutionGuid = {9F02731E-7D94-45D1-94ED-B9DCFFF464EC}
	EndGlobalSection
EndGlobal
